// !$*UTF8*$!
{
	archiveVersion = 1;
	classes = {
	};
	objectVersion = 46;
	objects = {

/* Begin PBXBuildFile section */
		4D36A6491A21750F008162F7 /* SettingsViewController.swift in Sources */ = {isa = PBXBuildFile; fileRef = 4D36A6481A21750F008162F7 /* SettingsViewController.swift */; };
		4DB5230E1A2156ED0046B2F6 /* AppDelegate.swift in Sources */ = {isa = PBXBuildFile; fileRef = 4DB5230D1A2156ED0046B2F6 /* AppDelegate.swift */; };
		4DB523131A2156ED0046B2F6 /* ViewController.swift in Sources */ = {isa = PBXBuildFile; fileRef = 4DB523121A2156ED0046B2F6 /* ViewController.swift */; };
		4DB523161A2156ED0046B2F6 /* Main.storyboard in Resources */ = {isa = PBXBuildFile; fileRef = 4DB523141A2156ED0046B2F6 /* Main.storyboard */; };
		4DB523181A2156ED0046B2F6 /* Images.xcassets in Resources */ = {isa = PBXBuildFile; fileRef = 4DB523171A2156ED0046B2F6 /* Images.xcassets */; };
		4DB5231B1A2156ED0046B2F6 /* LaunchScreen.xib in Resources */ = {isa = PBXBuildFile; fileRef = 4DB523191A2156ED0046B2F6 /* LaunchScreen.xib */; };
		4DB523271A2156ED0046B2F6 /* Contact_Lens_TrackerTests.swift in Sources */ = {isa = PBXBuildFile; fileRef = 4DB523261A2156ED0046B2F6 /* Contact_Lens_TrackerTests.swift */; };
/* End PBXBuildFile section */

/* Begin PBXContainerItemProxy section */
		4DB523211A2156ED0046B2F6 /* PBXContainerItemProxy */ = {
			isa = PBXContainerItemProxy;
			containerPortal = 4DB523001A2156ED0046B2F6 /* Project object */;
			proxyType = 1;
			remoteGlobalIDString = 4DB523071A2156ED0046B2F6;
			remoteInfo = "Contact Lens Tracker";
		};
/* End PBXContainerItemProxy section */

/* Begin PBXFileReference section */
		4D36A6481A21750F008162F7 /* SettingsViewController.swift */ = {isa = PBXFileReference; fileEncoding = 4; lastKnownFileType = sourcecode.swift; path = SettingsViewController.swift; sourceTree = "<group>"; };
		4DB523081A2156ED0046B2F6 /* Contact Lens Tracker.app */ = {isa = PBXFileReference; explicitFileType = wrapper.application; includeInIndex = 0; path = "Contact Lens Tracker.app"; sourceTree = BUILT_PRODUCTS_DIR; };
		4DB5230C1A2156ED0046B2F6 /* Info.plist */ = {isa = PBXFileReference; lastKnownFileType = text.plist.xml; path = Info.plist; sourceTree = "<group>"; };
		4DB5230D1A2156ED0046B2F6 /* AppDelegate.swift */ = {isa = PBXFileReference; lastKnownFileType = sourcecode.swift; path = AppDelegate.swift; sourceTree = "<group>"; };
		4DB523121A2156ED0046B2F6 /* ViewController.swift */ = {isa = PBXFileReference; lastKnownFileType = sourcecode.swift; path = ViewController.swift; sourceTree = "<group>"; };
		4DB523151A2156ED0046B2F6 /* Base */ = {isa = PBXFileReference; lastKnownFileType = file.storyboard; name = Base; path = Base.lproj/Main.storyboard; sourceTree = "<group>"; };
		4DB523171A2156ED0046B2F6 /* Images.xcassets */ = {isa = PBXFileReference; lastKnownFileType = folder.assetcatalog; path = Images.xcassets; sourceTree = "<group>"; };
		4DB5231A1A2156ED0046B2F6 /* Base */ = {isa = PBXFileReference; lastKnownFileType = file.xib; name = Base; path = Base.lproj/LaunchScreen.xib; sourceTree = "<group>"; };
		4DB523201A2156ED0046B2F6 /* Contact Lens TrackerTests.xctest */ = {isa = PBXFileReference; explicitFileType = wrapper.cfbundle; includeInIndex = 0; path = "Contact Lens TrackerTests.xctest"; sourceTree = BUILT_PRODUCTS_DIR; };
		4DB523251A2156ED0046B2F6 /* Info.plist */ = {isa = PBXFileReference; lastKnownFileType = text.plist.xml; path = Info.plist; sourceTree = "<group>"; };
		4DB523261A2156ED0046B2F6 /* Contact_Lens_TrackerTests.swift */ = {isa = PBXFileReference; lastKnownFileType = sourcecode.swift; path = Contact_Lens_TrackerTests.swift; sourceTree = "<group>"; };
/* End PBXFileReference section */

/* Begin PBXFrameworksBuildPhase section */
		4DB523051A2156ED0046B2F6 /* Frameworks */ = {
			isa = PBXFrameworksBuildPhase;
			buildActionMask = 2147483647;
			files = (
			);
			runOnlyForDeploymentPostprocessing = 0;
		};
		4DB5231D1A2156ED0046B2F6 /* Frameworks */ = {
			isa = PBXFrameworksBuildPhase;
			buildActionMask = 2147483647;
			files = (
			);
			runOnlyForDeploymentPostprocessing = 0;
		};
/* End PBXFrameworksBuildPhase section */

/* Begin PBXGroup section */
		4DB522FF1A2156ED0046B2F6 = {
			isa = PBXGroup;
			children = (
				4DB5230A1A2156ED0046B2F6 /* Contact Lens Tracker */,
				4DB523231A2156ED0046B2F6 /* Contact Lens TrackerTests */,
				4DB523091A2156ED0046B2F6 /* Products */,
			);
			sourceTree = "<group>";
		};
		4DB523091A2156ED0046B2F6 /* Products */ = {
			isa = PBXGroup;
			children = (
				4DB523081A2156ED0046B2F6 /* Contact Lens Tracker.app */,
				4DB523201A2156ED0046B2F6 /* Contact Lens TrackerTests.xctest */,
			);
			name = Products;
			sourceTree = "<group>";
		};
		4DB5230A1A2156ED0046B2F6 /* Contact Lens Tracker */ = {
			isa = PBXGroup;
			children = (
				4DB5230D1A2156ED0046B2F6 /* AppDelegate.swift */,
				4DB523121A2156ED0046B2F6 /* ViewController.swift */,
				4D36A6481A21750F008162F7 /* SettingsViewController.swift */,
				4DB523141A2156ED0046B2F6 /* Main.storyboard */,
				4DB523171A2156ED0046B2F6 /* Images.xcassets */,
				4DB523191A2156ED0046B2F6 /* LaunchScreen.xib */,
				4DB5230B1A2156ED0046B2F6 /* Supporting Files */,
			);
			path = "Contact Lens Tracker";
			sourceTree = "<group>";
		};
		4DB5230B1A2156ED0046B2F6 /* Supporting Files */ = {
			isa = PBXGroup;
			children = (
				4DB5230C1A2156ED0046B2F6 /* Info.plist */,
			);
			name = "Supporting Files";
			sourceTree = "<group>";
		};
		4DB523231A2156ED0046B2F6 /* Contact Lens TrackerTests */ = {
			isa = PBXGroup;
			children = (
				4DB523261A2156ED0046B2F6 /* Contact_Lens_TrackerTests.swift */,
				4DB523241A2156ED0046B2F6 /* Supporting Files */,
			);
			path = "Contact Lens TrackerTests";
			sourceTree = "<group>";
		};
		4DB523241A2156ED0046B2F6 /* Supporting Files */ = {
			isa = PBXGroup;
			children = (
				4DB523251A2156ED0046B2F6 /* Info.plist */,
			);
			name = "Supporting Files";
			sourceTree = "<group>";
		};
/* End PBXGroup section */

/* Begin PBXNativeTarget section */
		4DB523071A2156ED0046B2F6 /* Contact Lens Tracker */ = {
			isa = PBXNativeTarget;
			buildConfigurationList = 4DB5232A1A2156ED0046B2F6 /* Build configuration list for PBXNativeTarget "Contact Lens Tracker" */;
			buildPhases = (
				4DB523041A2156ED0046B2F6 /* Sources */,
				4DB523051A2156ED0046B2F6 /* Frameworks */,
				4DB523061A2156ED0046B2F6 /* Resources */,
			);
			buildRules = (
			);
			dependencies = (
			);
			name = "Contact Lens Tracker";
			productName = "Contact Lens Tracker";
			productReference = 4DB523081A2156ED0046B2F6 /* Contact Lens Tracker.app */;
			productType = "com.apple.product-type.application";
		};
		4DB5231F1A2156ED0046B2F6 /* Contact Lens TrackerTests */ = {
			isa = PBXNativeTarget;
			buildConfigurationList = 4DB5232D1A2156ED0046B2F6 /* Build configuration list for PBXNativeTarget "Contact Lens TrackerTests" */;
			buildPhases = (
				4DB5231C1A2156ED0046B2F6 /* Sources */,
				4DB5231D1A2156ED0046B2F6 /* Frameworks */,
				4DB5231E1A2156ED0046B2F6 /* Resources */,
			);
			buildRules = (
			);
			dependencies = (
				4DB523221A2156ED0046B2F6 /* PBXTargetDependency */,
			);
			name = "Contact Lens TrackerTests";
			productName = "Contact Lens TrackerTests";
			productReference = 4DB523201A2156ED0046B2F6 /* Contact Lens TrackerTests.xctest */;
			productType = "com.apple.product-type.bundle.unit-test";
		};
/* End PBXNativeTarget section */

/* Begin PBXProject section */
		4DB523001A2156ED0046B2F6 /* Project object */ = {
			isa = PBXProject;
			attributes = {
				LastUpgradeCheck = 0610;
				ORGANIZATIONNAME = "Jaden Geller";
				TargetAttributes = {
					4DB523071A2156ED0046B2F6 = {
						CreatedOnToolsVersion = 6.1;
					};
					4DB5231F1A2156ED0046B2F6 = {
						CreatedOnToolsVersion = 6.1;
						TestTargetID = 4DB523071A2156ED0046B2F6;
					};
				};
			};
			buildConfigurationList = 4DB523031A2156ED0046B2F6 /* Build configuration list for PBXProject "Contact Lens Tracker" */;
			compatibilityVersion = "Xcode 3.2";
			developmentRegion = English;
			hasScannedForEncodings = 0;
			knownRegions = (
				en,
				Base,
			);
			mainGroup = 4DB522FF1A2156ED0046B2F6;
			productRefGroup = 4DB523091A2156ED0046B2F6 /* Products */;
			projectDirPath = "";
			projectRoot = "";
			targets = (
				4DB523071A2156ED0046B2F6 /* Contact Lens Tracker */,
				4DB5231F1A2156ED0046B2F6 /* Contact Lens TrackerTests */,
			);
		};
/* End PBXProject section */

/* Begin PBXResourcesBuildPhase section */
		4DB523061A2156ED0046B2F6 /* Resources */ = {
			isa = PBXResourcesBuildPhase;
			buildActionMask = 2147483647;
			files = (
				4DB523161A2156ED0046B2F6 /* Main.storyboard in Resources */,
				4DB5231B1A2156ED0046B2F6 /* LaunchScreen.xib in Resources */,
				4DB523181A2156ED0046B2F6 /* Images.xcassets in Resources */,
			);
			runOnlyForDeploymentPostprocessing = 0;
		};
		4DB5231E1A2156ED0046B2F6 /* Resources */ = {
			isa = PBXResourcesBuildPhase;
			buildActionMask = 2147483647;
			files = (
			);
			runOnlyForDeploymentPostprocessing = 0;
		};
/* End PBXResourcesBuildPhase section */

/* Begin PBXSourcesBuildPhase section */
		4DB523041A2156ED0046B2F6 /* Sources */ = {
			isa = PBXSourcesBuildPhase;
			buildActionMask = 2147483647;
			files = (
				4DB523131A2156ED0046B2F6 /* ViewController.swift in Sources */,
				4DB5230E1A2156ED0046B2F6 /* AppDelegate.swift in Sources */,
				4D36A6491A21750F008162F7 /* SettingsViewController.swift in Sources */,
			);
			runOnlyForDeploymentPostprocessing = 0;
		};
		4DB5231C1A2156ED0046B2F6 /* Sources */ = {
			isa = PBXSourcesBuildPhase;
			buildActionMask = 2147483647;
			files = (
				4DB523271A2156ED0046B2F6 /* Contact_Lens_TrackerTests.swift in Sources */,
			);
			runOnlyForDeploymentPostprocessing = 0;
		};
/* End PBXSourcesBuildPhase section */

/* Begin PBXTargetDependency section */
		4DB523221A2156ED0046B2F6 /* PBXTargetDependency */ = {
			isa = PBXTargetDependency;
			target = 4DB523071A2156ED0046B2F6 /* Contact Lens Tracker */;
			targetProxy = 4DB523211A2156ED0046B2F6 /* PBXContainerItemProxy */;
		};
/* End PBXTargetDependency section */

/* Begin PBXVariantGroup section */
		4DB523141A2156ED0046B2F6 /* Main.storyboard */ = {
			isa = PBXVariantGroup;
			children = (
				4DB523151A2156ED0046B2F6 /* Base */,
			);
			name = Main.storyboard;
			sourceTree = "<group>";
		};
		4DB523191A2156ED0046B2F6 /* LaunchScreen.xib */ = {
			isa = PBXVariantGroup;
			children = (
				4DB5231A1A2156ED0046B2F6 /* Base */,
			);
			name = LaunchScreen.xib;
			sourceTree = "<group>";
		};
/* End PBXVariantGroup section */

/* Begin XCBuildConfiguration section */
		4DB523281A2156ED0046B2F6 /* Debug */ = {
			isa = XCBuildConfiguration;
			buildSettings = {
				ALWAYS_SEARCH_USER_PATHS = NO;
				CLANG_CXX_LANGUAGE_STANDARD = "gnu++0x";
				CLANG_CXX_LIBRARY = "libc++";
				CLANG_ENABLE_MODULES = YES;
				CLANG_ENABLE_OBJC_ARC = YES;
				CLANG_WARN_BOOL_CONVERSION = YES;
				CLANG_WARN_CONSTANT_CONVERSION = YES;
				CLANG_WARN_DIRECT_OBJC_ISA_USAGE = YES_ERROR;
				CLANG_WARN_EMPTY_BODY = YES;
				CLANG_WARN_ENUM_CONVERSION = YES;
				CLANG_WARN_INT_CONVERSION = YES;
				CLANG_WARN_OBJC_ROOT_CLASS = YES_ERROR;
				CLANG_WARN_UNREACHABLE_CODE = YES;
				CLANG_WARN__DUPLICATE_METHOD_MATCH = YES;
				"CODE_SIGN_IDENTITY[sdk=iphoneos*]" = "iPhone Developer";
				COPY_PHASE_STRIP = NO;
				ENABLE_STRICT_OBJC_MSGSEND = YES;
				GCC_C_LANGUAGE_STANDARD = gnu99;
				GCC_DYNAMIC_NO_PIC = NO;
				GCC_OPTIMIZATION_LEVEL = 0;
				GCC_PREPROCESSOR_DEFINITIONS = (
					"DEBUG=1",
					"$(inherited)",
				);
				GCC_SYMBOLS_PRIVATE_EXTERN = NO;
				GCC_WARN_64_TO_32_BIT_CONVERSION = YES;
				GCC_WARN_ABOUT_RETURN_TYPE = YES_ERROR;
				GCC_WARN_UNDECLARED_SELECTOR = YES;
				GCC_WARN_UNINITIALIZED_AUTOS = YES_AGGRESSIVE;
				GCC_WARN_UNUSED_FUNCTION = YES;
				GCC_WARN_UNUSED_VARIABLE = YES;
				IPHONEOS_DEPLOYMENT_TARGET = 8.1;
				MTL_ENABLE_DEBUG_INFO = YES;
				ONLY_ACTIVE_ARCH = YES;
				SDKROOT = iphoneos;
				SWIFT_OPTIMIZATION_LEVEL = "-Onone";
			};
			name = Debug;
		};
		4DB523291A2156ED0046B2F6 /* Release */ = {
			isa = XCBuildConfiguration;
			buildSettings = {
				ALWAYS_SEARCH_USER_PATHS = NO;
				CLANG_CXX_LANGUAGE_STANDARD = "gnu++0x";
				CLANG_CXX_LIBRARY = "libc++";
				CLANG_ENABLE_MODULES = YES;
				CLANG_ENABLE_OBJC_ARC = YES;
				CLANG_WARN_BOOL_CONVERSION = YES;
				CLANG_WARN_CONSTANT_CONVERSION = YES;
				CLANG_WARN_DIRECT_OBJC_ISA_USAGE = YES_ERROR;
				CLANG_WARN_EMPTY_BODY = YES;
				CLANG_WARN_ENUM_CONVERSION = YES;
				CLANG_WARN_INT_CONVERSION = YES;
				CLANG_WARN_OBJC_ROOT_CLASS = YES_ERROR;
				CLANG_WARN_UNREACHABLE_CODE = YES;
				CLANG_WARN__DUPLICATE_METHOD_MATCH = YES;
				"CODE_SIGN_IDENTITY[sdk=iphoneos*]" = "iPhone Developer";
				COPY_PHASE_STRIP = YES;
				ENABLE_NS_ASSERTIONS = NO;
				ENABLE_STRICT_OBJC_MSGSEND = YES;
				GCC_C_LANGUAGE_STANDARD = gnu99;
				GCC_WARN_64_TO_32_BIT_CONVERSION = YES;
				GCC_WARN_ABOUT_RETURN_TYPE = YES_ERROR;
				GCC_WARN_UNDECLARED_SELECTOR = YES;
				GCC_WARN_UNINITIALIZED_AUTOS = YES_AGGRESSIVE;
				GCC_WARN_UNUSED_FUNCTION = YES;
				GCC_WARN_UNUSED_VARIABLE = YES;
				IPHONEOS_DEPLOYMENT_TARGET = 8.1;
				MTL_ENABLE_DEBUG_INFO = NO;
				SDKROOT = iphoneos;
				VALIDATE_PRODUCT = YES;
			};
			name = Release;
		};
		4DB5232B1A2156ED0046B2F6 /* Debug */ = {
			isa = XCBuildConfiguration;
			buildSettings = {
				ASSETCATALOG_COMPILER_APPICON_NAME = AppIcon;
				INFOPLIST_FILE = "Contact Lens Tracker/Info.plist";
				LD_RUNPATH_SEARCH_PATHS = "$(inherited) @executable_path/Frameworks";
				PRODUCT_NAME = "$(TARGET_NAME)";
			};
			name = Debug;
		};
		4DB5232C1A2156ED0046B2F6 /* Release */ = {
			isa = XCBuildConfiguration;
			buildSettings = {
				ASSETCATALOG_COMPILER_APPICON_NAME = AppIcon;
				INFOPLIST_FILE = "Contact Lens Tracker/Info.plist";
				LD_RUNPATH_SEARCH_PATHS = "$(inherited) @executable_path/Frameworks";
				PRODUCT_NAME = "$(TARGET_NAME)";
			};
			name = Release;
		};
		4DB5232E1A2156ED0046B2F6 /* Debug */ = {
			isa = XCBuildConfiguration;
			buildSettings = {
				BUNDLE_LOADER = "$(TEST_HOST)";
				FRAMEWORK_SEARCH_PATHS = (
					"$(SDKROOT)/Developer/Library/Frameworks",
					"$(inherited)",
				);
				GCC_PREPROCESSOR_DEFINITIONS = (
					"DEBUG=1",
					"$(inherited)",
				);
				INFOPLIST_FILE = "Contact Lens TrackerTests/Info.plist";
				LD_RUNPATH_SEARCH_PATHS = "$(inherited) @executable_path/Frameworks @loader_path/Frameworks";
				PRODUCT_NAME = "$(TARGET_NAME)";
				TEST_HOST = "$(BUILT_PRODUCTS_DIR)/Contact Lens Tracker.app/Contact Lens Tracker";
			};
			name = Debug;
		};
		4DB5232F1A2156ED0046B2F6 /* Release */ = {
			isa = XCBuildConfiguration;
			buildSettings = {
				BUNDLE_LOADER = "$(TEST_HOST)";
				FRAMEWORK_SEARCH_PATHS = (
					"$(SDKROOT)/Developer/Library/Frameworks",
					"$(inherited)",
				);
				INFOPLIST_FILE = "Contact Lens TrackerTests/Info.plist";
				LD_RUNPATH_SEARCH_PATHS = "$(inherited) @executable_path/Frameworks @loader_path/Frameworks";
				PRODUCT_NAME = "$(TARGET_NAME)";
				TEST_HOST = "$(BUILT_PRODUCTS_DIR)/Contact Lens Tracker.app/Contact Lens Tracker";
			};
			name = Release;
		};
/* End XCBuildConfiguration section */

/* Begin XCConfigurationList section */
		4DB523031A2156ED0046B2F6 /* Build configuration list for PBXProject "Contact Lens Tracker" */ = {
			isa = XCConfigurationList;
			buildConfigurations = (
				4DB523281A2156ED0046B2F6 /* Debug */,
				4DB523291A2156ED0046B2F6 /* Release */,
			);
			defaultConfigurationIsVisible = 0;
			defaultConfigurationName = Release;
		};
		4DB5232A1A2156ED0046B2F6 /* Build configuration list for PBXNativeTarget "Contact Lens Tracker" */ = {
			isa = XCConfigurationList;
			buildConfigurations = (
				4DB5232B1A2156ED0046B2F6 /* Debug */,
				4DB5232C1A2156ED0046B2F6 /* Release */,
			);
			defaultConfigurationIsVisible = 0;
			defaultConfigurationName = Release;
		};
		4DB5232D1A2156ED0046B2F6 /* Build configuration list for PBXNativeTarget "Contact Lens TrackerTests" */ = {
			isa = XCConfigurationList;
			buildConfigurations = (
				4DB5232E1A2156ED0046B2F6 /* Debug */,
				4DB5232F1A2156ED0046B2F6 /* Release */,
			);
			defaultConfigurationIsVisible = 0;
			defaultConfigurationName = Release;
		};
/* End XCConfigurationList section */
	};
	rootObject = 4DB523001A2156ED0046B2F6 /* Project object */;
}
